// !$*UTF8*$!
{
	archiveVersion = 1;
	classes = {
	};
	objectVersion = 46;
	objects = {

/* Begin PBXBuildFile section */
		8C9513391C51D175004A3199 /* main.m in Sources */ = {isa = PBXBuildFile; fileRef = 8C9513381C51D175004A3199 /* main.m */; };
		8C95133C1C51D175004A3199 /* AppDelegate.m in Sources */ = {isa = PBXBuildFile; fileRef = 8C95133B1C51D175004A3199 /* AppDelegate.m */; };
		8C95133F1C51D175004A3199 /* ViewController.m in Sources */ = {isa = PBXBuildFile; fileRef = 8C95133E1C51D175004A3199 /* ViewController.m */; };
		8C9513421C51D175004A3199 /* Main.storyboard in Resources */ = {isa = PBXBuildFile; fileRef = 8C9513401C51D175004A3199 /* Main.storyboard */; };
		8C9513441C51D175004A3199 /* Assets.xcassets in Resources */ = {isa = PBXBuildFile; fileRef = 8C9513431C51D175004A3199 /* Assets.xcassets */; };
		8C9513471C51D175004A3199 /* LaunchScreen.storyboard in Resources */ = {isa = PBXBuildFile; fileRef = 8C9513451C51D175004A3199 /* LaunchScreen.storyboard */; };
		8C9513501C51D88A004A3199 /* AS_Sheet.m in Sources */ = {isa = PBXBuildFile; fileRef = 8C95134F1C51D88A004A3199 /* AS_Sheet.m */; };
		8C9513561C51F0BB004A3199 /* bkg.png in Resources */ = {isa = PBXBuildFile; fileRef = 8C9513551C51F0BB004A3199 /* bkg.png */; };
		8C9513581C520829004A3199 /* result.gif in Resources */ = {isa = PBXBuildFile; fileRef = 8C9513571C520829004A3199 /* result.gif */; };
/* End PBXBuildFile section */

/* Begin PBXFileReference section */
		8C9513341C51D175004A3199 /* ASActionSheet.app */ = {isa = PBXFileReference; explicitFileType = wrapper.application; includeInIndex = 0; path = ASActionSheet.app; sourceTree = BUILT_PRODUCTS_DIR; };
		8C9513381C51D175004A3199 /* main.m */ = {isa = PBXFileReference; lastKnownFileType = sourcecode.c.objc; path = main.m; sourceTree = "<group>"; };
		8C95133A1C51D175004A3199 /* AppDelegate.h */ = {isa = PBXFileReference; lastKnownFileType = sourcecode.c.h; path = AppDelegate.h; sourceTree = "<group>"; };
		8C95133B1C51D175004A3199 /* AppDelegate.m */ = {isa = PBXFileReference; lastKnownFileType = sourcecode.c.objc; path = AppDelegate.m; sourceTree = "<group>"; };
		8C95133D1C51D175004A3199 /* ViewController.h */ = {isa = PBXFileReference; lastKnownFileType = sourcecode.c.h; path = ViewController.h; sourceTree = "<group>"; };
		8C95133E1C51D175004A3199 /* ViewController.m */ = {isa = PBXFileReference; lastKnownFileType = sourcecode.c.objc; path = ViewController.m; sourceTree = "<group>"; };
		8C9513411C51D175004A3199 /* Base */ = {isa = PBXFileReference; lastKnownFileType = file.storyboard; name = Base; path = Base.lproj/Main.storyboard; sourceTree = "<group>"; };
		8C9513431C51D175004A3199 /* Assets.xcassets */ = {isa = PBXFileReference; lastKnownFileType = folder.assetcatalog; path = Assets.xcassets; sourceTree = "<group>"; };
		8C9513461C51D175004A3199 /* Base */ = {isa = PBXFileReference; lastKnownFileType = file.storyboard; name = Base; path = Base.lproj/LaunchScreen.storyboard; sourceTree = "<group>"; };
		8C9513481C51D175004A3199 /* Info.plist */ = {isa = PBXFileReference; lastKnownFileType = text.plist.xml; path = Info.plist; sourceTree = "<group>"; };
		8C95134E1C51D88A004A3199 /* AS_Sheet.h */ = {isa = PBXFileReference; fileEncoding = 4; lastKnownFileType = sourcecode.c.h; path = AS_Sheet.h; sourceTree = "<group>"; };
		8C95134F1C51D88A004A3199 /* AS_Sheet.m */ = {isa = PBXFileReference; fileEncoding = 4; lastKnownFileType = sourcecode.c.objc; path = AS_Sheet.m; sourceTree = "<group>"; };
		8C9513551C51F0BB004A3199 /* bkg.png */ = {isa = PBXFileReference; lastKnownFileType = image.png; path = bkg.png; sourceTree = "<group>"; };
		8C9513571C520829004A3199 /* result.gif */ = {isa = PBXFileReference; lastKnownFileType = image.gif; path = result.gif; sourceTree = "<group>"; };
		8CA6CD0E1DB7201D00D36E5D /* ASActionSheet-Bridging-Header.h */ = {isa = PBXFileReference; lastKnownFileType = sourcecode.c.h; path = "ASActionSheet-Bridging-Header.h"; sourceTree = "<group>"; };
/* End PBXFileReference section */

/* Begin PBXFrameworksBuildPhase section */
		8C9513311C51D175004A3199 /* Frameworks */ = {
			isa = PBXFrameworksBuildPhase;
			buildActionMask = 2147483647;
			files = (
			);
			runOnlyForDeploymentPostprocessing = 0;
		};
/* End PBXFrameworksBuildPhase section */

/* Begin PBXGroup section */
		8C95132B1C51D175004A3199 = {
			isa = PBXGroup;
			children = (
				8C9513361C51D175004A3199 /* ASActionSheet */,
				8C9513351C51D175004A3199 /* Products */,
			);
			sourceTree = "<group>";
		};
		8C9513351C51D175004A3199 /* Products */ = {
			isa = PBXGroup;
			children = (
				8C9513341C51D175004A3199 /* ASActionSheet.app */,
			);
			name = Products;
			sourceTree = "<group>";
		};
		8C9513361C51D175004A3199 /* ASActionSheet */ = {
			isa = PBXGroup;
			children = (
				8C95133A1C51D175004A3199 /* AppDelegate.h */,
				8C95133B1C51D175004A3199 /* AppDelegate.m */,
				8C95133D1C51D175004A3199 /* ViewController.h */,
				8C95133E1C51D175004A3199 /* ViewController.m */,
				8C9513401C51D175004A3199 /* Main.storyboard */,
				8C95134E1C51D88A004A3199 /* AS_Sheet.h */,
				8C95134F1C51D88A004A3199 /* AS_Sheet.m */,
				8C9513551C51F0BB004A3199 /* bkg.png */,
				8C9513571C520829004A3199 /* result.gif */,
				8C9513431C51D175004A3199 /* Assets.xcassets */,
				8C9513451C51D175004A3199 /* LaunchScreen.storyboard */,
				8C9513481C51D175004A3199 /* Info.plist */,
				8C9513371C51D175004A3199 /* Supporting Files */,
				8CA6CD0E1DB7201D00D36E5D /* ASActionSheet-Bridging-Header.h */,
			);
			path = ASActionSheet;
			sourceTree = "<group>";
		};
		8C9513371C51D175004A3199 /* Supporting Files */ = {
			isa = PBXGroup;
			children = (
				8C9513381C51D175004A3199 /* main.m */,
			);
			name = "Supporting Files";
			sourceTree = "<group>";
		};
/* End PBXGroup section */

/* Begin PBXNativeTarget section */
		8C9513331C51D175004A3199 /* ASActionSheet */ = {
			isa = PBXNativeTarget;
			buildConfigurationList = 8C95134B1C51D175004A3199 /* Build configuration list for PBXNativeTarget "ASActionSheet" */;
			buildPhases = (
				8C9513301C51D175004A3199 /* Sources */,
				8C9513311C51D175004A3199 /* Frameworks */,
				8C9513321C51D175004A3199 /* Resources */,
			);
			buildRules = (
			);
			dependencies = (
			);
			name = ASActionSheet;
			productName = ASActionSheet;
			productReference = 8C9513341C51D175004A3199 /* ASActionSheet.app */;
			productType = "com.apple.product-type.application";
		};
/* End PBXNativeTarget section */

/* Begin PBXProject section */
		8C95132C1C51D175004A3199 /* Project object */ = {
			isa = PBXProject;
			attributes = {
				LastUpgradeCheck = 0720;
				ORGANIZATIONNAME = "Ashen<http://www.devashen.com>";
				TargetAttributes = {
					8C9513331C51D175004A3199 = {
						CreatedOnToolsVersion = 7.2;
						LastSwiftMigration = 0800;
					};
				};
			};
			buildConfigurationList = 8C95132F1C51D175004A3199 /* Build configuration list for PBXProject "ASActionSheet" */;
			compatibilityVersion = "Xcode 3.2";
			developmentRegion = English;
			hasScannedForEncodings = 0;
			knownRegions = (
				en,
				Base,
			);
			mainGroup = 8C95132B1C51D175004A3199;
			productRefGroup = 8C9513351C51D175004A3199 /* Products */;
			projectDirPath = "";
			projectRoot = "";
			targets = (
				8C9513331C51D175004A3199 /* ASActionSheet */,
			);
		};
/* End PBXProject section */

/* Begin PBXResourcesBuildPhase section */
		8C9513321C51D175004A3199 /* Resources */ = {
			isa = PBXResourcesBuildPhase;
			buildActionMask = 2147483647;
			files = (
				8C9513471C51D175004A3199 /* LaunchScreen.storyboard in Resources */,
				8C9513441C51D175004A3199 /* Assets.xcassets in Resources */,
				8C9513561C51F0BB004A3199 /* bkg.png in Resources */,
				8C9513421C51D175004A3199 /* Main.storyboard in Resources */,
				8C9513581C520829004A3199 /* result.gif in Resources */,
			);
			runOnlyForDeploymentPostprocessing = 0;
		};
/* End PBXResourcesBuildPhase section */

/* Begin PBXSourcesBuildPhase section */
		8C9513301C51D175004A3199 /* Sources */ = {
			isa = PBXSourcesBuildPhase;
			buildActionMask = 2147483647;
			files = (
				8C95133F1C51D175004A3199 /* ViewController.m in Sources */,
				8C9513501C51D88A004A3199 /* AS_Sheet.m in Sources */,
				8C95133C1C51D175004A3199 /* AppDelegate.m in Sources */,
				8C9513391C51D175004A3199 /* main.m in Sources */,
			);
			runOnlyForDeploymentPostprocessing = 0;
		};
/* End PBXSourcesBuildPhase section */

/* Begin PBXVariantGroup section */
		8C9513401C51D175004A3199 /* Main.storyboard */ = {
			isa = PBXVariantGroup;
			children = (
				8C9513411C51D175004A3199 /* Base */,
			);
			name = Main.storyboard;
			sourceTree = "<group>";
		};
		8C9513451C51D175004A3199 /* LaunchScreen.storyboard */ = {
			isa = PBXVariantGroup;
			children = (
				8C9513461C51D175004A3199 /* Base */,
			);
			name = LaunchScreen.storyboard;
			sourceTree = "<group>";
		};
/* End PBXVariantGroup section */

/* Begin XCBuildConfiguration section */
		8C9513491C51D175004A3199 /* Debug */ = {
			isa = XCBuildConfiguration;
			buildSettings = {
				ALWAYS_SEARCH_USER_PATHS = NO;
				CLANG_CXX_LANGUAGE_STANDARD = "gnu++0x";
				CLANG_CXX_LIBRARY = "libc++";
				CLANG_ENABLE_MODULES = YES;
				CLANG_ENABLE_OBJC_ARC = YES;
				CLANG_WARN_BOOL_CONVERSION = YES;
				CLANG_WARN_CONSTANT_CONVERSION = YES;
				CLANG_WARN_DIRECT_OBJC_ISA_USAGE = YES_ERROR;
				CLANG_WARN_EMPTY_BODY = YES;
				CLANG_WARN_ENUM_CONVERSION = YES;
				CLANG_WARN_INT_CONVERSION = YES;
				CLANG_WARN_OBJC_ROOT_CLASS = YES_ERROR;
				CLANG_WARN_UNREACHABLE_CODE = YES;
				CLANG_WARN__DUPLICATE_METHOD_MATCH = YES;
				"CODE_SIGN_IDENTITY[sdk=iphoneos*]" = "iPhone Developer";
				COPY_PHASE_STRIP = NO;
				DEBUG_INFORMATION_FORMAT = dwarf;
				ENABLE_STRICT_OBJC_MSGSEND = YES;
				ENABLE_TESTABILITY = YES;
				GCC_C_LANGUAGE_STANDARD = gnu99;
				GCC_DYNAMIC_NO_PIC = NO;
				GCC_NO_COMMON_BLOCKS = YES;
				GCC_OPTIMIZATION_LEVEL = 0;
				GCC_PREPROCESSOR_DEFINITIONS = (
					"DEBUG=1",
					"$(inherited)",
				);
				GCC_WARN_64_TO_32_BIT_CONVERSION = YES;
				GCC_WARN_ABOUT_RETURN_TYPE = YES_ERROR;
				GCC_WARN_UNDECLARED_SELECTOR = YES;
				GCC_WARN_UNINITIALIZED_AUTOS = YES_AGGRESSIVE;
				GCC_WARN_UNUSED_FUNCTION = YES;
				GCC_WARN_UNUSED_VARIABLE = YES;
				IPHONEOS_DEPLOYMENT_TARGET = 9.2;
				MTL_ENABLE_DEBUG_INFO = YES;
				ONLY_ACTIVE_ARCH = YES;
				SDKROOT = iphoneos;
				TARGETED_DEVICE_FAMILY = "1,2";
			};
			name = Debug;
		};
		8C95134A1C51D175004A3199 /* Release */ = {
			isa = XCBuildConfiguration;
			buildSettings = {
				ALWAYS_SEARCH_USER_PATHS = NO;
				CLANG_CXX_LANGUAGE_STANDARD = "gnu++0x";
				CLANG_CXX_LIBRARY = "libc++";
				CLANG_ENABLE_MODULES = YES;
				CLANG_ENABLE_OBJC_ARC = YES;
				CLANG_WARN_BOOL_CONVERSION = YES;
				CLANG_WARN_CONSTANT_CONVERSION = YES;
				CLANG_WARN_DIRECT_OBJC_ISA_USAGE = YES_ERROR;
				CLANG_WARN_EMPTY_BODY = YES;
				CLANG_WARN_ENUM_CONVERSION = YES;
				CLANG_WARN_INT_CONVERSION = YES;
				CLANG_WARN_OBJC_ROOT_CLASS = YES_ERROR;
				CLANG_WARN_UNREACHABLE_CODE = YES;
				CLANG_WARN__DUPLICATE_METHOD_MATCH = YES;
				"CODE_SIGN_IDENTITY[sdk=iphoneos*]" = "iPhone Developer";
				COPY_PHASE_STRIP = NO;
				DEBUG_INFORMATION_FORMAT = "dwarf-with-dsym";
				ENABLE_NS_ASSERTIONS = NO;
				ENABLE_STRICT_OBJC_MSGSEND = YES;
				GCC_C_LANGUAGE_STANDARD = gnu99;
				GCC_NO_COMMON_BLOCKS = YES;
				GCC_WARN_64_TO_32_BIT_CONVERSION = YES;
				GCC_WARN_ABOUT_RETURN_TYPE = YES_ERROR;
				GCC_WARN_UNDECLARED_SELECTOR = YES;
				GCC_WARN_UNINITIALIZED_AUTOS = YES_AGGRESSIVE;
				GCC_WARN_UNUSED_FUNCTION = YES;
				GCC_WARN_UNUSED_VARIABLE = YES;
				IPHONEOS_DEPLOYMENT_TARGET = 9.2;
				MTL_ENABLE_DEBUG_INFO = NO;
				SDKROOT = iphoneos;
				TARGETED_DEVICE_FAMILY = "1,2";
				VALIDATE_PRODUCT = YES;
			};
			name = Release;
		};
		8C95134C1C51D175004A3199 /* Debug */ = {
			isa = XCBuildConfiguration;
			buildSettings = {
				ASSETCATALOG_COMPILER_APPICON_NAME = AppIcon;
				CLANG_ENABLE_MODULES = YES;
				CODE_SIGN_IDENTITY = "iPhone Developer";
				INFOPLIST_FILE = ASActionSheet/Info.plist;
				LD_RUNPATH_SEARCH_PATHS = "$(inherited) @executable_path/Frameworks";
				PRODUCT_BUNDLE_IDENTIFIER = Ashen.ASActionSheet;
				PRODUCT_NAME = "$(TARGET_NAME)";
				SWIFT_OBJC_BRIDGING_HEADER = "ASActionSheet/ASActionSheet-Bridging-Header.h";
				SWIFT_OPTIMIZATION_LEVEL = "-Onone";
				SWIFT_VERSION = 3.0;
			};
			name = Debug;
		};
		8C95134D1C51D175004A3199 /* Release */ = {
			isa = XCBuildConfiguration;
			buildSettings = {
				ASSETCATALOG_COMPILER_APPICON_NAME = AppIcon;
				CLANG_ENABLE_MODULES = YES;
				CODE_SIGN_IDENTITY = "iPhone Developer";
				INFOPLIST_FILE = ASActionSheet/Info.plist;
				LD_RUNPATH_SEARCH_PATHS = "$(inherited) @executable_path/Frameworks";
				PRODUCT_BUNDLE_IDENTIFIER = Ashen.ASActionSheet;
				PRODUCT_NAME = "$(TARGET_NAME)";
				SWIFT_OBJC_BRIDGING_HEADER = "ASActionSheet/ASActionSheet-Bridging-Header.h";
				SWIFT_VERSION = 3.0;
			};
			name = Release;
		};
/* End XCBuildConfiguration section */

/* Begin XCConfigurationList section */
		8C95132F1C51D175004A3199 /* Build configuration list for PBXProject "ASActionSheet" */ = {
			isa = XCConfigurationList;
			buildConfigurations = (
				8C9513491C51D175004A3199 /* Debug */,
				8C95134A1C51D175004A3199 /* Release */,
			);
			defaultConfigurationIsVisible = 0;
			defaultConfigurationName = Release;
		};
		8C95134B1C51D175004A3199 /* Build configuration list for PBXNativeTarget "ASActionSheet" */ = {
			isa = XCConfigurationList;
			buildConfigurations = (
				8C95134C1C51D175004A3199 /* Debug */,
				8C95134D1C51D175004A3199 /* Release */,
			);
			defaultConfigurationIsVisible = 0;
			defaultConfigurationName = Release;
		};
/* End XCConfigurationList section */
	};
	rootObject = 8C95132C1C51D175004A3199 /* Project object */;
}
